
Microsoft Visual Studio Solution File, Format Version 12.00
# Visual Studio Version 16
VisualStudioVersion = 16.0.29519.87
MinimumVisualStudioVersion = 10.0.40219.1
Project("{9A19103F-16F7-4668-BE54-9A1E7A4F7556}") = "CoreHelper", "src\CoreHelper\CoreHelper.csproj", "{2345EF0D-B358-45D1-AA56-E5BA4FA9FFD2}"
EndProject
Project("{9A19103F-16F7-4668-BE54-9A1E7A4F7556}") = "project.dao", "src\project.dao\project.dao.csproj", "{08953F6C-9E4C-403C-8E21-156A1BE86199}"
EndProject
Project("{9A19103F-16F7-4668-BE54-9A1E7A4F7556}") = "project.api", "src\project.api\project.api.csproj", "{F0D8D927-E357-481F-AF0D-A943C5D3291B}"
EndProject
Project("{9A19103F-16F7-4668-BE54-9A1E7A4F7556}") = "project.backsite", "src\project.backsite\project.backsite.csproj", "{C87063EC-8AE0-4216-9A91-0CD88858BB84}"
EndProject
Global
	GlobalSection(SolutionConfigurationPlatforms) = preSolution
		Debug|Any CPU = Debug|Any CPU
		Release|Any CPU = Release|Any CPU
	EndGlobalSection
	GlobalSection(ProjectConfigurationPlatforms) = postSolution
		{2345EF0D-B358-45D1-AA56-E5BA4FA9FFD2}.Debug|Any CPU.ActiveCfg = Debug|Any CPU
		{2345EF0D-B358-45D1-AA56-E5BA4FA9FFD2}.Debug|Any CPU.Build.0 = Debug|Any CPU
		{2345EF0D-B358-45D1-AA56-E5BA4FA9FFD2}.Release|Any CPU.ActiveCfg = Release|Any CPU
		{2345EF0D-B358-45D1-AA56-E5BA4FA9FFD2}.Release|Any CPU.Build.0 = Release|Any CPU
		{08953F6C-9E4C-403C-8E21-156A1BE86199}.Debug|Any CPU.ActiveCfg = Debug|Any CPU
		{08953F6C-9E4C-403C-8E21-156A1BE86199}.Debug|Any CPU.Build.0 = Debug|Any CPU
		{08953F6C-9E4C-403C-8E21-156A1BE86199}.Release|Any CPU.ActiveCfg = Release|Any CPU
		{08953F6C-9E4C-403C-8E21-156A1BE86199}.Release|Any CPU.Build.0 = Release|Any CPU
		{F0D8D927-E357-481F-AF0D-A943C5D3291B}.Debug|Any CPU.ActiveCfg = Debug|Any CPU
		{F0D8D927-E357-481F-AF0D-A943C5D3291B}.Debug|Any CPU.Build.0 = Debug|Any CPU
		{F0D8D927-E357-481F-AF0D-A943C5D3291B}.Release|Any CPU.ActiveCfg = Release|Any CPU
		{F0D8D927-E357-481F-AF0D-A943C5D3291B}.Release|Any CPU.Build.0 = Release|Any CPU
		{C87063EC-8AE0-4216-9A91-0CD88858BB84}.Debug|Any CPU.ActiveCfg = Debug|Any CPU
		{C87063EC-8AE0-4216-9A91-0CD88858BB84}.Debug|Any CPU.Build.0 = Debug|Any CPU
		{C87063EC-8AE0-4216-9A91-0CD88858BB84}.Release|Any CPU.ActiveCfg = Release|Any CPU
		{C87063EC-8AE0-4216-9A91-0CD88858BB84}.Release|Any CPU.Build.0 = Release|Any CPU
	EndGlobalSection
	GlobalSection(SolutionProperties) = preSolution
		HideSolutionNode = FALSE
	EndGlobalSection
	GlobalSection(ExtensibilityGlobals) = postSolution
		SolutionGuid = {D860415D-F059-48D4-B931-5D232F2674A0}
	EndGlobalSection
EndGlobal
