
Microsoft Visual Studio Solution File, Format Version 12.00
# Visual Studio Version 16
VisualStudioVersion = 16.0.29519.87
MinimumVisualStudioVersion = 10.0.40219.1
Project("{FAE04EC0-301F-11D3-BF4B-00C04F79EFBC}") = "CoreHelper", "src\CoreHelper\CoreHelper.csproj", "{2345EF0D-B358-45D1-AA56-E5BA4FA9FFD2}"
EndProject
Project("{FAE04EC0-301F-11D3-BF4B-00C04F79EFBC}") = "project.dao", "src\project.dao\project.dao.csproj", "{08953F6C-9E4C-403C-8E21-156A1BE86199}"
EndProject
Project("{FAE04EC0-301F-11D3-BF4B-00C04F79EFBC}") = "project.service", "src\project.service\project.service.csproj", "{EC91F1AF-1883-4DCA-A072-139D9F73C212}"
EndProject
Project("{FAE04EC0-301F-11D3-BF4B-00C04F79EFBC}") = "project.api", "src\project.api\project.api.csproj", "{F0D8D927-E357-481F-AF0D-A943C5D3291B}"
EndProject
Global
	GlobalSection(SolutionConfigurationPlatforms) = preSolution
		Debug|Any CPU = Debug|Any CPU
		Release|Any CPU = Release|Any CPU
	EndGlobalSection
	GlobalSection(ProjectConfigurationPlatforms) = postSolution
		{2345EF0D-B358-45D1-AA56-E5BA4FA9FFD2}.Debug|Any CPU.ActiveCfg = Debug|Any CPU
		{2345EF0D-B358-45D1-AA56-E5BA4FA9FFD2}.Debug|Any CPU.Build.0 = Debug|Any CPU
		{2345EF0D-B358-45D1-AA56-E5BA4FA9FFD2}.Release|Any CPU.ActiveCfg = Release|Any CPU
		{2345EF0D-B358-45D1-AA56-E5BA4FA9FFD2}.Release|Any CPU.Build.0 = Release|Any CPU
		{08953F6C-9E4C-403C-8E21-156A1BE86199}.Debug|Any CPU.ActiveCfg = Debug|Any CPU
		{08953F6C-9E4C-403C-8E21-156A1BE86199}.Debug|Any CPU.Build.0 = Debug|Any CPU
		{08953F6C-9E4C-403C-8E21-156A1BE86199}.Release|Any CPU.ActiveCfg = Release|Any CPU
		{08953F6C-9E4C-403C-8E21-156A1BE86199}.Release|Any CPU.Build.0 = Release|Any CPU
		{EC91F1AF-1883-4DCA-A072-139D9F73C212}.Debug|Any CPU.ActiveCfg = Debug|Any CPU
		{EC91F1AF-1883-4DCA-A072-139D9F73C212}.Debug|Any CPU.Build.0 = Debug|Any CPU
		{EC91F1AF-1883-4DCA-A072-139D9F73C212}.Release|Any CPU.ActiveCfg = Release|Any CPU
		{EC91F1AF-1883-4DCA-A072-139D9F73C212}.Release|Any CPU.Build.0 = Release|Any CPU
		{F0D8D927-E357-481F-AF0D-A943C5D3291B}.Debug|Any CPU.ActiveCfg = Debug|Any CPU
		{F0D8D927-E357-481F-AF0D-A943C5D3291B}.Debug|Any CPU.Build.0 = Debug|Any CPU
		{F0D8D927-E357-481F-AF0D-A943C5D3291B}.Release|Any CPU.ActiveCfg = Release|Any CPU
		{F0D8D927-E357-481F-AF0D-A943C5D3291B}.Release|Any CPU.Build.0 = Release|Any CPU
	EndGlobalSection
	GlobalSection(SolutionProperties) = preSolution
		HideSolutionNode = FALSE
	EndGlobalSection
	GlobalSection(ExtensibilityGlobals) = postSolution
		SolutionGuid = {D860415D-F059-48D4-B931-5D232F2674A0}
	EndGlobalSection
EndGlobal
